// !$*UTF8*$!
{
	archiveVersion = 1;
	classes = {
	};
	objectVersion = 46;
	objects = {

/* Begin PBXBuildFile section */
		097CFC6B1F6723D500CD1F1A /* AppDelegate.swift in Sources */ = {isa = PBXBuildFile; fileRef = 097CFC6A1F6723D500CD1F1A /* AppDelegate.swift */; };
		097CFC721F6723D500CD1F1A /* Assets.xcassets in Resources */ = {isa = PBXBuildFile; fileRef = 097CFC711F6723D500CD1F1A /* Assets.xcassets */; };
		097CFC751F6723D500CD1F1A /* LaunchScreen.storyboard in Resources */ = {isa = PBXBuildFile; fileRef = 097CFC731F6723D500CD1F1A /* LaunchScreen.storyboard */; };
		097CFC801F6723D500CD1F1A /* ThisDateInHistoryTests.swift in Sources */ = {isa = PBXBuildFile; fileRef = 097CFC7F1F6723D500CD1F1A /* ThisDateInHistoryTests.swift */; };
		097CFC8B1F6723D500CD1F1A /* ThisDateInHistoryUITests.swift in Sources */ = {isa = PBXBuildFile; fileRef = 097CFC8A1F6723D500CD1F1A /* ThisDateInHistoryUITests.swift */; };
		097CFC9C1F67352600CD1F1A /* SwifterSwift.framework in Frameworks */ = {isa = PBXBuildFile; fileRef = 097CFC9A1F67351300CD1F1A /* SwifterSwift.framework */; };
		097CFC9D1F67352600CD1F1A /* SwifterSwift.framework in Embed Frameworks */ = {isa = PBXBuildFile; fileRef = 097CFC9A1F67351300CD1F1A /* SwifterSwift.framework */; settings = {ATTRIBUTES = (CodeSignOnCopy, RemoveHeadersOnCopy, ); }; };
		097CFCA21F6739A500CD1F1A /* ReSwift.framework in Frameworks */ = {isa = PBXBuildFile; fileRef = 097CFCA01F6739A000CD1F1A /* ReSwift.framework */; };
		097CFCA31F6739A500CD1F1A /* ReSwift.framework in Embed Frameworks */ = {isa = PBXBuildFile; fileRef = 097CFCA01F6739A000CD1F1A /* ReSwift.framework */; settings = {ATTRIBUTES = (CodeSignOnCopy, RemoveHeadersOnCopy, ); }; };
		097CFCAE1F67EAC800CD1F1A /* CollectionDataSource.swift in Sources */ = {isa = PBXBuildFile; fileRef = 097CFCAD1F67EAC800CD1F1A /* CollectionDataSource.swift */; };
		097CFCB01F67EB1000CD1F1A /* TableDataSource.swift in Sources */ = {isa = PBXBuildFile; fileRef = 097CFCAF1F67EB1000CD1F1A /* TableDataSource.swift */; };
		097CFCB21F67EC5F00CD1F1A /* AppState.swift in Sources */ = {isa = PBXBuildFile; fileRef = 097CFCB11F67EC5F00CD1F1A /* AppState.swift */; };
		097CFCB41F67ECCE00CD1F1A /* AppReducer.swift in Sources */ = {isa = PBXBuildFile; fileRef = 097CFCB31F67ECCE00CD1F1A /* AppReducer.swift */; };
		097CFCBA1F67F1A900CD1F1A /* Store.swift in Sources */ = {isa = PBXBuildFile; fileRef = 097CFCB91F67F1A900CD1F1A /* Store.swift */; };
		097CFCBE1F68252E00CD1F1A /* EventsViewController.swift in Sources */ = {isa = PBXBuildFile; fileRef = 097CFCBD1F68252E00CD1F1A /* EventsViewController.swift */; };
		097CFCC01F68254E00CD1F1A /* BirthsViewController.swift in Sources */ = {isa = PBXBuildFile; fileRef = 097CFCBF1F68254E00CD1F1A /* BirthsViewController.swift */; };
		097CFCC21F68256600CD1F1A /* DeathsViewController.swift in Sources */ = {isa = PBXBuildFile; fileRef = 097CFCC11F68256600CD1F1A /* DeathsViewController.swift */; };
		097CFCC41F68258700CD1F1A /* DateSelectorViewController.swift in Sources */ = {isa = PBXBuildFile; fileRef = 097CFCC31F68258700CD1F1A /* DateSelectorViewController.swift */; };
		09DB7A631F6B12A4003A95D4 /* TabBarController.swift in Sources */ = {isa = PBXBuildFile; fileRef = 09DB7A621F6B12A4003A95D4 /* TabBarController.swift */; };
		09DB7A661F6B1652003A95D4 /* TabBarControllerElement.swift in Sources */ = {isa = PBXBuildFile; fileRef = 09DB7A651F6B1652003A95D4 /* TabBarControllerElement.swift */; };
/* End PBXBuildFile section */

/* Begin PBXContainerItemProxy section */
		097CFC7C1F6723D500CD1F1A /* PBXContainerItemProxy */ = {
			isa = PBXContainerItemProxy;
			containerPortal = 097CFC5F1F6723D500CD1F1A /* Project object */;
			proxyType = 1;
			remoteGlobalIDString = 097CFC661F6723D500CD1F1A;
			remoteInfo = ThisDateInHistory;
		};
		097CFC871F6723D500CD1F1A /* PBXContainerItemProxy */ = {
			isa = PBXContainerItemProxy;
			containerPortal = 097CFC5F1F6723D500CD1F1A /* Project object */;
			proxyType = 1;
			remoteGlobalIDString = 097CFC661F6723D500CD1F1A;
			remoteInfo = ThisDateInHistory;
		};
/* End PBXContainerItemProxy section */

/* Begin PBXCopyFilesBuildPhase section */
		097CFC9E1F67352700CD1F1A /* Embed Frameworks */ = {
			isa = PBXCopyFilesBuildPhase;
			buildActionMask = 2147483647;
			dstPath = "";
			dstSubfolderSpec = 10;
			files = (
				097CFC9D1F67352600CD1F1A /* SwifterSwift.framework in Embed Frameworks */,
				097CFCA31F6739A500CD1F1A /* ReSwift.framework in Embed Frameworks */,
			);
			name = "Embed Frameworks";
			runOnlyForDeploymentPostprocessing = 0;
		};
/* End PBXCopyFilesBuildPhase section */

/* Begin PBXFileReference section */
		097CFC671F6723D500CD1F1A /* ThisDateInHistory.app */ = {isa = PBXFileReference; explicitFileType = wrapper.application; includeInIndex = 0; path = ThisDateInHistory.app; sourceTree = BUILT_PRODUCTS_DIR; };
		097CFC6A1F6723D500CD1F1A /* AppDelegate.swift */ = {isa = PBXFileReference; lastKnownFileType = sourcecode.swift; path = AppDelegate.swift; sourceTree = "<group>"; };
		097CFC711F6723D500CD1F1A /* Assets.xcassets */ = {isa = PBXFileReference; lastKnownFileType = folder.assetcatalog; name = Assets.xcassets; path = ../Assets.xcassets; sourceTree = "<group>"; };
		097CFC741F6723D500CD1F1A /* Base */ = {isa = PBXFileReference; lastKnownFileType = file.storyboard; name = Base; path = Base.lproj/LaunchScreen.storyboard; sourceTree = "<group>"; };
		097CFC761F6723D500CD1F1A /* Info.plist */ = {isa = PBXFileReference; lastKnownFileType = text.plist.xml; name = Info.plist; path = ../Info.plist; sourceTree = "<group>"; };
		097CFC7B1F6723D500CD1F1A /* ThisDateInHistoryTests.xctest */ = {isa = PBXFileReference; explicitFileType = wrapper.cfbundle; includeInIndex = 0; path = ThisDateInHistoryTests.xctest; sourceTree = BUILT_PRODUCTS_DIR; };
		097CFC7F1F6723D500CD1F1A /* ThisDateInHistoryTests.swift */ = {isa = PBXFileReference; lastKnownFileType = sourcecode.swift; path = ThisDateInHistoryTests.swift; sourceTree = "<group>"; };
		097CFC811F6723D500CD1F1A /* Info.plist */ = {isa = PBXFileReference; lastKnownFileType = text.plist.xml; path = Info.plist; sourceTree = "<group>"; };
		097CFC861F6723D500CD1F1A /* ThisDateInHistoryUITests.xctest */ = {isa = PBXFileReference; explicitFileType = wrapper.cfbundle; includeInIndex = 0; path = ThisDateInHistoryUITests.xctest; sourceTree = BUILT_PRODUCTS_DIR; };
		097CFC8A1F6723D500CD1F1A /* ThisDateInHistoryUITests.swift */ = {isa = PBXFileReference; lastKnownFileType = sourcecode.swift; path = ThisDateInHistoryUITests.swift; sourceTree = "<group>"; };
		097CFC8C1F6723D500CD1F1A /* Info.plist */ = {isa = PBXFileReference; lastKnownFileType = text.plist.xml; path = Info.plist; sourceTree = "<group>"; };
		097CFC9A1F67351300CD1F1A /* SwifterSwift.framework */ = {isa = PBXFileReference; lastKnownFileType = wrapper.framework; name = SwifterSwift.framework; path = Carthage/Build/iOS/SwifterSwift.framework; sourceTree = "<group>"; };
		097CFCA01F6739A000CD1F1A /* ReSwift.framework */ = {isa = PBXFileReference; lastKnownFileType = wrapper.framework; name = ReSwift.framework; path = Carthage/Build/iOS/ReSwift.framework; sourceTree = "<group>"; };
		097CFCAD1F67EAC800CD1F1A /* CollectionDataSource.swift */ = {isa = PBXFileReference; fileEncoding = 4; lastKnownFileType = sourcecode.swift; path = CollectionDataSource.swift; sourceTree = "<group>"; };
		097CFCAF1F67EB1000CD1F1A /* TableDataSource.swift */ = {isa = PBXFileReference; fileEncoding = 4; lastKnownFileType = sourcecode.swift; path = TableDataSource.swift; sourceTree = "<group>"; };
		097CFCB11F67EC5F00CD1F1A /* AppState.swift */ = {isa = PBXFileReference; fileEncoding = 4; lastKnownFileType = sourcecode.swift; path = AppState.swift; sourceTree = "<group>"; };
		097CFCB31F67ECCE00CD1F1A /* AppReducer.swift */ = {isa = PBXFileReference; fileEncoding = 4; lastKnownFileType = sourcecode.swift; name = AppReducer.swift; path = ThisDateInHistory/Reducer/AppReducer.swift; sourceTree = SOURCE_ROOT; };
		097CFCB91F67F1A900CD1F1A /* Store.swift */ = {isa = PBXFileReference; fileEncoding = 4; lastKnownFileType = sourcecode.swift; path = Store.swift; sourceTree = "<group>"; };
		097CFCBD1F68252E00CD1F1A /* EventsViewController.swift */ = {isa = PBXFileReference; fileEncoding = 4; lastKnownFileType = sourcecode.swift; path = EventsViewController.swift; sourceTree = "<group>"; };
		097CFCBF1F68254E00CD1F1A /* BirthsViewController.swift */ = {isa = PBXFileReference; fileEncoding = 4; lastKnownFileType = sourcecode.swift; path = BirthsViewController.swift; sourceTree = "<group>"; };
		097CFCC11F68256600CD1F1A /* DeathsViewController.swift */ = {isa = PBXFileReference; fileEncoding = 4; lastKnownFileType = sourcecode.swift; path = DeathsViewController.swift; sourceTree = "<group>"; };
		097CFCC31F68258700CD1F1A /* DateSelectorViewController.swift */ = {isa = PBXFileReference; fileEncoding = 4; lastKnownFileType = sourcecode.swift; path = DateSelectorViewController.swift; sourceTree = "<group>"; };
		09DB7A621F6B12A4003A95D4 /* TabBarController.swift */ = {isa = PBXFileReference; fileEncoding = 4; lastKnownFileType = sourcecode.swift; path = TabBarController.swift; sourceTree = "<group>"; };
		09DB7A651F6B1652003A95D4 /* TabBarControllerElement.swift */ = {isa = PBXFileReference; fileEncoding = 4; lastKnownFileType = sourcecode.swift; path = TabBarControllerElement.swift; sourceTree = "<group>"; };
/* End PBXFileReference section */

/* Begin PBXFrameworksBuildPhase section */
		097CFC641F6723D500CD1F1A /* Frameworks */ = {
			isa = PBXFrameworksBuildPhase;
			buildActionMask = 2147483647;
			files = (
				097CFCA21F6739A500CD1F1A /* ReSwift.framework in Frameworks */,
				097CFC9C1F67352600CD1F1A /* SwifterSwift.framework in Frameworks */,
			);
			runOnlyForDeploymentPostprocessing = 0;
		};
		097CFC781F6723D500CD1F1A /* Frameworks */ = {
			isa = PBXFrameworksBuildPhase;
			buildActionMask = 2147483647;
			files = (
			);
			runOnlyForDeploymentPostprocessing = 0;
		};
		097CFC831F6723D500CD1F1A /* Frameworks */ = {
			isa = PBXFrameworksBuildPhase;
			buildActionMask = 2147483647;
			files = (
			);
			runOnlyForDeploymentPostprocessing = 0;
		};
/* End PBXFrameworksBuildPhase section */

/* Begin PBXGroup section */
		097CFC5E1F6723D500CD1F1A = {
			isa = PBXGroup;
			children = (
				097CFC981F6723E900CD1F1A /* Frameworks */,
				097CFC691F6723D500CD1F1A /* ThisDateInHistory */,
				097CFC7E1F6723D500CD1F1A /* ThisDateInHistoryTests */,
				097CFC891F6723D500CD1F1A /* ThisDateInHistoryUITests */,
				097CFC681F6723D500CD1F1A /* Products */,
			);
			sourceTree = "<group>";
		};
		097CFC681F6723D500CD1F1A /* Products */ = {
			isa = PBXGroup;
			children = (
				097CFC671F6723D500CD1F1A /* ThisDateInHistory.app */,
				097CFC7B1F6723D500CD1F1A /* ThisDateInHistoryTests.xctest */,
				097CFC861F6723D500CD1F1A /* ThisDateInHistoryUITests.xctest */,
			);
			name = Products;
			sourceTree = "<group>";
		};
		097CFC691F6723D500CD1F1A /* ThisDateInHistory */ = {
			isa = PBXGroup;
			children = (
				097CFCA51F67E93300CD1F1A /* Action */,
				097CFCA61F67E94000CD1F1A /* Reducer */,
				097CFCAA1F67EA1900CD1F1A /* Service */,
				097CFCA71F67E97900CD1F1A /* State */,
				097CFCAB1F67EA5000CD1F1A /* Supporting Files */,
				097CFCA81F67E9EB00CD1F1A /* View */,
				097CFCA91F67E9EF00CD1F1A /* ViewController */,
				097CFC6A1F6723D500CD1F1A /* AppDelegate.swift */,
				097CFCB91F67F1A900CD1F1A /* Store.swift */,
			);
			path = ThisDateInHistory;
			sourceTree = "<group>";
		};
		097CFC7E1F6723D500CD1F1A /* ThisDateInHistoryTests */ = {
			isa = PBXGroup;
			children = (
				097CFC7F1F6723D500CD1F1A /* ThisDateInHistoryTests.swift */,
				097CFC811F6723D500CD1F1A /* Info.plist */,
			);
			path = ThisDateInHistoryTests;
			sourceTree = "<group>";
		};
		097CFC891F6723D500CD1F1A /* ThisDateInHistoryUITests */ = {
			isa = PBXGroup;
			children = (
				097CFC8A1F6723D500CD1F1A /* ThisDateInHistoryUITests.swift */,
				097CFC8C1F6723D500CD1F1A /* Info.plist */,
			);
			path = ThisDateInHistoryUITests;
			sourceTree = "<group>";
		};
		097CFC981F6723E900CD1F1A /* Frameworks */ = {
			isa = PBXGroup;
			children = (
				097CFC9A1F67351300CD1F1A /* SwifterSwift.framework */,
				097CFCA01F6739A000CD1F1A /* ReSwift.framework */,
			);
			name = Frameworks;
			sourceTree = "<group>";
		};
		097CFCA51F67E93300CD1F1A /* Action */ = {
			isa = PBXGroup;
			children = (
			);
			name = Action;
			path = Actions;
			sourceTree = "<group>";
		};
		097CFCA61F67E94000CD1F1A /* Reducer */ = {
			isa = PBXGroup;
			children = (
				097CFCB31F67ECCE00CD1F1A /* AppReducer.swift */,
			);
			name = Reducer;
			path = Reducers;
			sourceTree = "<group>";
		};
		097CFCA71F67E97900CD1F1A /* State */ = {
			isa = PBXGroup;
			children = (
				097CFCB11F67EC5F00CD1F1A /* AppState.swift */,
			);
			path = State;
			sourceTree = "<group>";
		};
		097CFCA81F67E9EB00CD1F1A /* View */ = {
			isa = PBXGroup;
			children = (
			);
			path = View;
			sourceTree = "<group>";
		};
		097CFCA91F67E9EF00CD1F1A /* ViewController */ = {
			isa = PBXGroup;
			children = (
				097CFCBD1F68252E00CD1F1A /* EventsViewController.swift */,
				097CFCBF1F68254E00CD1F1A /* BirthsViewController.swift */,
				097CFCC11F68256600CD1F1A /* DeathsViewController.swift */,
				097CFCC31F68258700CD1F1A /* DateSelectorViewController.swift */,
				09DB7A621F6B12A4003A95D4 /* TabBarController.swift */,
				09DB7A651F6B1652003A95D4 /* TabBarControllerElement.swift */,
			);
			path = ViewController;
			sourceTree = "<group>";
		};
		097CFCAA1F67EA1900CD1F1A /* Service */ = {
			isa = PBXGroup;
			children = (
				097CFCAC1F67EAB200CD1F1A /* DataSource */,
			);
			path = Service;
			sourceTree = "<group>";
		};
		097CFCAB1F67EA5000CD1F1A /* Supporting Files */ = {
			isa = PBXGroup;
			children = (
				097CFC711F6723D500CD1F1A /* Assets.xcassets */,
				097CFC731F6723D500CD1F1A /* LaunchScreen.storyboard */,
				097CFC761F6723D500CD1F1A /* Info.plist */,
			);
			path = "Supporting Files";
			sourceTree = "<group>";
		};
		097CFCAC1F67EAB200CD1F1A /* DataSource */ = {
			isa = PBXGroup;
			children = (
				097CFCAD1F67EAC800CD1F1A /* CollectionDataSource.swift */,
				097CFCAF1F67EB1000CD1F1A /* TableDataSource.swift */,
			);
			path = DataSource;
			sourceTree = "<group>";
		};
/* End PBXGroup section */

/* Begin PBXNativeTarget section */
		097CFC661F6723D500CD1F1A /* ThisDateInHistory */ = {
			isa = PBXNativeTarget;
			buildConfigurationList = 097CFC8F1F6723D500CD1F1A /* Build configuration list for PBXNativeTarget "ThisDateInHistory" */;
			buildPhases = (
				097CFC631F6723D500CD1F1A /* Sources */,
				097CFC641F6723D500CD1F1A /* Frameworks */,
				097CFC651F6723D500CD1F1A /* Resources */,
				097CFC9E1F67352700CD1F1A /* Embed Frameworks */,
				097CFC991F67263200CD1F1A /* ShellScript */,
				097CFC9F1F67354F00CD1F1A /* ShellScript */,
			);
			buildRules = (
			);
			dependencies = (
			);
			name = ThisDateInHistory;
			productName = ThisDateInHistory;
			productReference = 097CFC671F6723D500CD1F1A /* ThisDateInHistory.app */;
			productType = "com.apple.product-type.application";
		};
		097CFC7A1F6723D500CD1F1A /* ThisDateInHistoryTests */ = {
			isa = PBXNativeTarget;
			buildConfigurationList = 097CFC921F6723D500CD1F1A /* Build configuration list for PBXNativeTarget "ThisDateInHistoryTests" */;
			buildPhases = (
				097CFC771F6723D500CD1F1A /* Sources */,
				097CFC781F6723D500CD1F1A /* Frameworks */,
				097CFC791F6723D500CD1F1A /* Resources */,
			);
			buildRules = (
			);
			dependencies = (
				097CFC7D1F6723D500CD1F1A /* PBXTargetDependency */,
			);
			name = ThisDateInHistoryTests;
			productName = ThisDateInHistoryTests;
			productReference = 097CFC7B1F6723D500CD1F1A /* ThisDateInHistoryTests.xctest */;
			productType = "com.apple.product-type.bundle.unit-test";
		};
		097CFC851F6723D500CD1F1A /* ThisDateInHistoryUITests */ = {
			isa = PBXNativeTarget;
			buildConfigurationList = 097CFC951F6723D500CD1F1A /* Build configuration list for PBXNativeTarget "ThisDateInHistoryUITests" */;
			buildPhases = (
				097CFC821F6723D500CD1F1A /* Sources */,
				097CFC831F6723D500CD1F1A /* Frameworks */,
				097CFC841F6723D500CD1F1A /* Resources */,
			);
			buildRules = (
			);
			dependencies = (
				097CFC881F6723D500CD1F1A /* PBXTargetDependency */,
			);
			name = ThisDateInHistoryUITests;
			productName = ThisDateInHistoryUITests;
			productReference = 097CFC861F6723D500CD1F1A /* ThisDateInHistoryUITests.xctest */;
			productType = "com.apple.product-type.bundle.ui-testing";
		};
/* End PBXNativeTarget section */

/* Begin PBXProject section */
		097CFC5F1F6723D500CD1F1A /* Project object */ = {
			isa = PBXProject;
			attributes = {
				LastSwiftUpdateCheck = 0830;
				LastUpgradeCheck = 0830;
				ORGANIZATIONNAME = matepapp;
				TargetAttributes = {
					097CFC661F6723D500CD1F1A = {
						CreatedOnToolsVersion = 8.3.3;
						DevelopmentTeam = E6SA5UUA26;
						ProvisioningStyle = Automatic;
					};
					097CFC7A1F6723D500CD1F1A = {
						CreatedOnToolsVersion = 8.3.3;
						DevelopmentTeam = E6SA5UUA26;
						ProvisioningStyle = Automatic;
						TestTargetID = 097CFC661F6723D500CD1F1A;
					};
					097CFC851F6723D500CD1F1A = {
						CreatedOnToolsVersion = 8.3.3;
						DevelopmentTeam = E6SA5UUA26;
						ProvisioningStyle = Automatic;
						TestTargetID = 097CFC661F6723D500CD1F1A;
					};
				};
			};
			buildConfigurationList = 097CFC621F6723D500CD1F1A /* Build configuration list for PBXProject "ThisDateInHistory" */;
			compatibilityVersion = "Xcode 3.2";
			developmentRegion = English;
			hasScannedForEncodings = 0;
			knownRegions = (
				en,
				Base,
			);
			mainGroup = 097CFC5E1F6723D500CD1F1A;
			productRefGroup = 097CFC681F6723D500CD1F1A /* Products */;
			projectDirPath = "";
			projectRoot = "";
			targets = (
				097CFC661F6723D500CD1F1A /* ThisDateInHistory */,
				097CFC7A1F6723D500CD1F1A /* ThisDateInHistoryTests */,
				097CFC851F6723D500CD1F1A /* ThisDateInHistoryUITests */,
			);
		};
/* End PBXProject section */

/* Begin PBXResourcesBuildPhase section */
		097CFC651F6723D500CD1F1A /* Resources */ = {
			isa = PBXResourcesBuildPhase;
			buildActionMask = 2147483647;
			files = (
				097CFC751F6723D500CD1F1A /* LaunchScreen.storyboard in Resources */,
				097CFC721F6723D500CD1F1A /* Assets.xcassets in Resources */,
			);
			runOnlyForDeploymentPostprocessing = 0;
		};
		097CFC791F6723D500CD1F1A /* Resources */ = {
			isa = PBXResourcesBuildPhase;
			buildActionMask = 2147483647;
			files = (
			);
			runOnlyForDeploymentPostprocessing = 0;
		};
		097CFC841F6723D500CD1F1A /* Resources */ = {
			isa = PBXResourcesBuildPhase;
			buildActionMask = 2147483647;
			files = (
			);
			runOnlyForDeploymentPostprocessing = 0;
		};
/* End PBXResourcesBuildPhase section */

/* Begin PBXShellScriptBuildPhase section */
		097CFC991F67263200CD1F1A /* ShellScript */ = {
			isa = PBXShellScriptBuildPhase;
			buildActionMask = 2147483647;
			files = (
			);
			inputPaths = (
			);
			outputPaths = (
			);
			runOnlyForDeploymentPostprocessing = 0;
			shellPath = /bin/sh;
			shellScript = "if which swiftlint >/dev/null; then\nswiftlint\nelse\necho \"warning: SwiftLint not installed, download from https://github.com/realm/SwiftLint\"\nfi";
		};
		097CFC9F1F67354F00CD1F1A /* ShellScript */ = {
			isa = PBXShellScriptBuildPhase;
			buildActionMask = 2147483647;
			files = (
			);
			inputPaths = (
				"$(SRCROOT)/Carthage/Build/iOS/SwifterSwift.framework",
				"$(SRCROOT)/Carthage/Build/iOS/ReSwift.framework",
			);
			outputPaths = (
				"$(BUILT_PRODUCTS_DIR)/$(FRAMEWORKS_FOLDER_PATH)/SwifterSwift.framework",
				"$(BUILT_PRODUCTS_DIR)/$(FRAMEWORKS_FOLDER_PATH)/ReSwift.framework",
			);
			runOnlyForDeploymentPostprocessing = 0;
			shellPath = /bin/sh;
			shellScript = "/usr/local/bin/carthage copy-frameworks";
		};
/* End PBXShellScriptBuildPhase section */

/* Begin PBXSourcesBuildPhase section */
		097CFC631F6723D500CD1F1A /* Sources */ = {
			isa = PBXSourcesBuildPhase;
			buildActionMask = 2147483647;
			files = (
				09DB7A631F6B12A4003A95D4 /* TabBarController.swift in Sources */,
				097CFCAE1F67EAC800CD1F1A /* CollectionDataSource.swift in Sources */,
				097CFCC01F68254E00CD1F1A /* BirthsViewController.swift in Sources */,
				097CFCB01F67EB1000CD1F1A /* TableDataSource.swift in Sources */,
				097CFCBA1F67F1A900CD1F1A /* Store.swift in Sources */,
				097CFCC21F68256600CD1F1A /* DeathsViewController.swift in Sources */,
				09DB7A661F6B1652003A95D4 /* TabBarControllerElement.swift in Sources */,
				097CFC6B1F6723D500CD1F1A /* AppDelegate.swift in Sources */,
				097CFCB21F67EC5F00CD1F1A /* AppState.swift in Sources */,
				097CFCB41F67ECCE00CD1F1A /* AppReducer.swift in Sources */,
				097CFCC41F68258700CD1F1A /* DateSelectorViewController.swift in Sources */,
				097CFCBE1F68252E00CD1F1A /* EventsViewController.swift in Sources */,
			);
			runOnlyForDeploymentPostprocessing = 0;
		};
		097CFC771F6723D500CD1F1A /* Sources */ = {
			isa = PBXSourcesBuildPhase;
			buildActionMask = 2147483647;
			files = (
				097CFC801F6723D500CD1F1A /* ThisDateInHistoryTests.swift in Sources */,
			);
			runOnlyForDeploymentPostprocessing = 0;
		};
		097CFC821F6723D500CD1F1A /* Sources */ = {
			isa = PBXSourcesBuildPhase;
			buildActionMask = 2147483647;
			files = (
				097CFC8B1F6723D500CD1F1A /* ThisDateInHistoryUITests.swift in Sources */,
			);
			runOnlyForDeploymentPostprocessing = 0;
		};
/* End PBXSourcesBuildPhase section */

/* Begin PBXTargetDependency section */
		097CFC7D1F6723D500CD1F1A /* PBXTargetDependency */ = {
			isa = PBXTargetDependency;
			target = 097CFC661F6723D500CD1F1A /* ThisDateInHistory */;
			targetProxy = 097CFC7C1F6723D500CD1F1A /* PBXContainerItemProxy */;
		};
		097CFC881F6723D500CD1F1A /* PBXTargetDependency */ = {
			isa = PBXTargetDependency;
			target = 097CFC661F6723D500CD1F1A /* ThisDateInHistory */;
			targetProxy = 097CFC871F6723D500CD1F1A /* PBXContainerItemProxy */;
		};
/* End PBXTargetDependency section */

/* Begin PBXVariantGroup section */
		097CFC731F6723D500CD1F1A /* LaunchScreen.storyboard */ = {
			isa = PBXVariantGroup;
			children = (
				097CFC741F6723D500CD1F1A /* Base */,
			);
			name = LaunchScreen.storyboard;
			path = ..;
			sourceTree = "<group>";
		};
/* End PBXVariantGroup section */

/* Begin XCBuildConfiguration section */
		097CFC8D1F6723D500CD1F1A /* Debug */ = {
			isa = XCBuildConfiguration;
			buildSettings = {
				ALWAYS_SEARCH_USER_PATHS = NO;
				CLANG_ANALYZER_NONNULL = YES;
				CLANG_ANALYZER_NUMBER_OBJECT_CONVERSION = YES_AGGRESSIVE;
				CLANG_CXX_LANGUAGE_STANDARD = "gnu++0x";
				CLANG_CXX_LIBRARY = "libc++";
				CLANG_ENABLE_MODULES = YES;
				CLANG_ENABLE_OBJC_ARC = YES;
				CLANG_WARN_BOOL_CONVERSION = YES;
				CLANG_WARN_CONSTANT_CONVERSION = YES;
				CLANG_WARN_DIRECT_OBJC_ISA_USAGE = YES_ERROR;
				CLANG_WARN_DOCUMENTATION_COMMENTS = YES;
				CLANG_WARN_EMPTY_BODY = YES;
				CLANG_WARN_ENUM_CONVERSION = YES;
				CLANG_WARN_INFINITE_RECURSION = YES;
				CLANG_WARN_INT_CONVERSION = YES;
				CLANG_WARN_OBJC_ROOT_CLASS = YES_ERROR;
				CLANG_WARN_SUSPICIOUS_MOVE = YES;
				CLANG_WARN_UNREACHABLE_CODE = YES;
				CLANG_WARN__DUPLICATE_METHOD_MATCH = YES;
				"CODE_SIGN_IDENTITY[sdk=iphoneos*]" = "iPhone Developer";
				COPY_PHASE_STRIP = NO;
				DEBUG_INFORMATION_FORMAT = dwarf;
				ENABLE_STRICT_OBJC_MSGSEND = YES;
				ENABLE_TESTABILITY = YES;
				GCC_C_LANGUAGE_STANDARD = gnu99;
				GCC_DYNAMIC_NO_PIC = NO;
				GCC_NO_COMMON_BLOCKS = YES;
				GCC_OPTIMIZATION_LEVEL = 0;
				GCC_PREPROCESSOR_DEFINITIONS = (
					"DEBUG=1",
					"$(inherited)",
				);
				GCC_WARN_64_TO_32_BIT_CONVERSION = YES;
				GCC_WARN_ABOUT_RETURN_TYPE = YES_ERROR;
				GCC_WARN_UNDECLARED_SELECTOR = YES;
				GCC_WARN_UNINITIALIZED_AUTOS = YES_AGGRESSIVE;
				GCC_WARN_UNUSED_FUNCTION = YES;
				GCC_WARN_UNUSED_VARIABLE = YES;
				IPHONEOS_DEPLOYMENT_TARGET = 10.3;
				MTL_ENABLE_DEBUG_INFO = YES;
				ONLY_ACTIVE_ARCH = YES;
				SDKROOT = iphoneos;
				SWIFT_ACTIVE_COMPILATION_CONDITIONS = DEBUG;
				SWIFT_OPTIMIZATION_LEVEL = "-Onone";
			};
			name = Debug;
		};
		097CFC8E1F6723D500CD1F1A /* Release */ = {
			isa = XCBuildConfiguration;
			buildSettings = {
				ALWAYS_SEARCH_USER_PATHS = NO;
				CLANG_ANALYZER_NONNULL = YES;
				CLANG_ANALYZER_NUMBER_OBJECT_CONVERSION = YES_AGGRESSIVE;
				CLANG_CXX_LANGUAGE_STANDARD = "gnu++0x";
				CLANG_CXX_LIBRARY = "libc++";
				CLANG_ENABLE_MODULES = YES;
				CLANG_ENABLE_OBJC_ARC = YES;
				CLANG_WARN_BOOL_CONVERSION = YES;
				CLANG_WARN_CONSTANT_CONVERSION = YES;
				CLANG_WARN_DIRECT_OBJC_ISA_USAGE = YES_ERROR;
				CLANG_WARN_DOCUMENTATION_COMMENTS = YES;
				CLANG_WARN_EMPTY_BODY = YES;
				CLANG_WARN_ENUM_CONVERSION = YES;
				CLANG_WARN_INFINITE_RECURSION = YES;
				CLANG_WARN_INT_CONVERSION = YES;
				CLANG_WARN_OBJC_ROOT_CLASS = YES_ERROR;
				CLANG_WARN_SUSPICIOUS_MOVE = YES;
				CLANG_WARN_UNREACHABLE_CODE = YES;
				CLANG_WARN__DUPLICATE_METHOD_MATCH = YES;
				"CODE_SIGN_IDENTITY[sdk=iphoneos*]" = "iPhone Developer";
				COPY_PHASE_STRIP = NO;
				DEBUG_INFORMATION_FORMAT = "dwarf-with-dsym";
				ENABLE_NS_ASSERTIONS = NO;
				ENABLE_STRICT_OBJC_MSGSEND = YES;
				GCC_C_LANGUAGE_STANDARD = gnu99;
				GCC_NO_COMMON_BLOCKS = YES;
				GCC_WARN_64_TO_32_BIT_CONVERSION = YES;
				GCC_WARN_ABOUT_RETURN_TYPE = YES_ERROR;
				GCC_WARN_UNDECLARED_SELECTOR = YES;
				GCC_WARN_UNINITIALIZED_AUTOS = YES_AGGRESSIVE;
				GCC_WARN_UNUSED_FUNCTION = YES;
				GCC_WARN_UNUSED_VARIABLE = YES;
				IPHONEOS_DEPLOYMENT_TARGET = 10.3;
				MTL_ENABLE_DEBUG_INFO = NO;
				SDKROOT = iphoneos;
				SWIFT_OPTIMIZATION_LEVEL = "-Owholemodule";
				VALIDATE_PRODUCT = YES;
			};
			name = Release;
		};
		097CFC901F6723D500CD1F1A /* Debug */ = {
			isa = XCBuildConfiguration;
			buildSettings = {
				ASSETCATALOG_COMPILER_APPICON_NAME = AppIcon;
				DEVELOPMENT_TEAM = E6SA5UUA26;
				FRAMEWORK_SEARCH_PATHS = (
					"$(inherited)",
					"$(PROJECT_DIR)/Carthage/Build/iOS",
				);
				INFOPLIST_FILE = ThisDateInHistory/Info.plist;
				LD_RUNPATH_SEARCH_PATHS = "$(inherited) @executable_path/Frameworks";
				PRODUCT_BUNDLE_IDENTIFIER = com.matepapp.ThisDateInHistory;
				PRODUCT_NAME = "$(TARGET_NAME)";
				SWIFT_VERSION = 3.0;
			};
			name = Debug;
		};
		097CFC911F6723D500CD1F1A /* Release */ = {
			isa = XCBuildConfiguration;
			buildSettings = {
				ASSETCATALOG_COMPILER_APPICON_NAME = AppIcon;
				DEVELOPMENT_TEAM = E6SA5UUA26;
				FRAMEWORK_SEARCH_PATHS = (
					"$(inherited)",
					"$(PROJECT_DIR)/Carthage/Build/iOS",
				);
				INFOPLIST_FILE = ThisDateInHistory/Info.plist;
				LD_RUNPATH_SEARCH_PATHS = "$(inherited) @executable_path/Frameworks";
				PRODUCT_BUNDLE_IDENTIFIER = com.matepapp.ThisDateInHistory;
				PRODUCT_NAME = "$(TARGET_NAME)";
				SWIFT_VERSION = 3.0;
			};
			name = Release;
		};
		097CFC931F6723D500CD1F1A /* Debug */ = {
			isa = XCBuildConfiguration;
			buildSettings = {
				ALWAYS_EMBED_SWIFT_STANDARD_LIBRARIES = YES;
				BUNDLE_LOADER = "$(TEST_HOST)";
				DEVELOPMENT_TEAM = E6SA5UUA26;
				INFOPLIST_FILE = ThisDateInHistoryTests/Info.plist;
				LD_RUNPATH_SEARCH_PATHS = "$(inherited) @executable_path/Frameworks @loader_path/Frameworks";
				PRODUCT_BUNDLE_IDENTIFIER = com.matepapp.ThisDateInHistoryTests;
				PRODUCT_NAME = "$(TARGET_NAME)";
				SWIFT_VERSION = 3.0;
				TEST_HOST = "$(BUILT_PRODUCTS_DIR)/ThisDateInHistory.app/ThisDateInHistory";
			};
			name = Debug;
		};
		097CFC941F6723D500CD1F1A /* Release */ = {
			isa = XCBuildConfiguration;
			buildSettings = {
				ALWAYS_EMBED_SWIFT_STANDARD_LIBRARIES = YES;
				BUNDLE_LOADER = "$(TEST_HOST)";
				DEVELOPMENT_TEAM = E6SA5UUA26;
				INFOPLIST_FILE = ThisDateInHistoryTests/Info.plist;
				LD_RUNPATH_SEARCH_PATHS = "$(inherited) @executable_path/Frameworks @loader_path/Frameworks";
				PRODUCT_BUNDLE_IDENTIFIER = com.matepapp.ThisDateInHistoryTests;
				PRODUCT_NAME = "$(TARGET_NAME)";
				SWIFT_VERSION = 3.0;
				TEST_HOST = "$(BUILT_PRODUCTS_DIR)/ThisDateInHistory.app/ThisDateInHistory";
			};
			name = Release;
		};
		097CFC961F6723D500CD1F1A /* Debug */ = {
			isa = XCBuildConfiguration;
			buildSettings = {
				ALWAYS_EMBED_SWIFT_STANDARD_LIBRARIES = YES;
				DEVELOPMENT_TEAM = E6SA5UUA26;
				INFOPLIST_FILE = ThisDateInHistoryUITests/Info.plist;
				LD_RUNPATH_SEARCH_PATHS = "$(inherited) @executable_path/Frameworks @loader_path/Frameworks";
				PRODUCT_BUNDLE_IDENTIFIER = com.matepapp.ThisDateInHistoryUITests;
				PRODUCT_NAME = "$(TARGET_NAME)";
				SWIFT_VERSION = 3.0;
				TEST_TARGET_NAME = ThisDateInHistory;
			};
			name = Debug;
		};
		097CFC971F6723D500CD1F1A /* Release */ = {
			isa = XCBuildConfiguration;
			buildSettings = {
				ALWAYS_EMBED_SWIFT_STANDARD_LIBRARIES = YES;
				DEVELOPMENT_TEAM = E6SA5UUA26;
				INFOPLIST_FILE = ThisDateInHistoryUITests/Info.plist;
				LD_RUNPATH_SEARCH_PATHS = "$(inherited) @executable_path/Frameworks @loader_path/Frameworks";
				PRODUCT_BUNDLE_IDENTIFIER = com.matepapp.ThisDateInHistoryUITests;
				PRODUCT_NAME = "$(TARGET_NAME)";
				SWIFT_VERSION = 3.0;
				TEST_TARGET_NAME = ThisDateInHistory;
			};
			name = Release;
		};
/* End XCBuildConfiguration section */

/* Begin XCConfigurationList section */
		097CFC621F6723D500CD1F1A /* Build configuration list for PBXProject "ThisDateInHistory" */ = {
			isa = XCConfigurationList;
			buildConfigurations = (
				097CFC8D1F6723D500CD1F1A /* Debug */,
				097CFC8E1F6723D500CD1F1A /* Release */,
			);
			defaultConfigurationIsVisible = 0;
			defaultConfigurationName = Release;
		};
		097CFC8F1F6723D500CD1F1A /* Build configuration list for PBXNativeTarget "ThisDateInHistory" */ = {
			isa = XCConfigurationList;
			buildConfigurations = (
				097CFC901F6723D500CD1F1A /* Debug */,
				097CFC911F6723D500CD1F1A /* Release */,
			);
			defaultConfigurationIsVisible = 0;
			defaultConfigurationName = Release;
		};
		097CFC921F6723D500CD1F1A /* Build configuration list for PBXNativeTarget "ThisDateInHistoryTests" */ = {
			isa = XCConfigurationList;
			buildConfigurations = (
				097CFC931F6723D500CD1F1A /* Debug */,
				097CFC941F6723D500CD1F1A /* Release */,
			);
			defaultConfigurationIsVisible = 0;
			defaultConfigurationName = Release;
		};
		097CFC951F6723D500CD1F1A /* Build configuration list for PBXNativeTarget "ThisDateInHistoryUITests" */ = {
			isa = XCConfigurationList;
			buildConfigurations = (
				097CFC961F6723D500CD1F1A /* Debug */,
				097CFC971F6723D500CD1F1A /* Release */,
			);
			defaultConfigurationIsVisible = 0;
			defaultConfigurationName = Release;
		};
/* End XCConfigurationList section */
	};
	rootObject = 097CFC5F1F6723D500CD1F1A /* Project object */;
}
